
Microsoft Visual Studio Solution File, Format Version 12.00
# Visual Studio Version 17
VisualStudioVersion = 17.7.34031.279
MinimumVisualStudioVersion = 10.0.40219.1
Project("{FAE04EC0-301F-11D3-BF4B-00C04F79EFBC}") = "ChessGame2D", "ChessGame2D\ChessGame2D.csproj", "{B29AD255-2A3D-4289-9417-3ABF5E548CA2}"
EndProject
Global
	GlobalSection(SolutionConfigurationPlatforms) = preSolution
		Debug|Any CPU = Debug|Any CPU
		Release|Any CPU = Release|Any CPU
	EndGlobalSection
	GlobalSection(ProjectConfigurationPlatforms) = postSolution
		{B29AD255-2A3D-4289-9417-3ABF5E548CA2}.Debug|Any CPU.ActiveCfg = Debug|Any CPU
		{B29AD255-2A3D-4289-9417-3ABF5E548CA2}.Debug|Any CPU.Build.0 = Debug|Any CPU
		{B29AD255-2A3D-4289-9417-3ABF5E548CA2}.Release|Any CPU.ActiveCfg = Release|Any CPU
		{B29AD255-2A3D-4289-9417-3ABF5E548CA2}.Release|Any CPU.Build.0 = Release|Any CPU
	EndGlobalSection
	GlobalSection(SolutionProperties) = preSolution
		HideSolutionNode = FALSE
	EndGlobalSection
	GlobalSection(ExtensibilityGlobals) = postSolution
		SolutionGuid = {6C7A548B-021F-4AD7-B77E-993DB7A95ECF}
	EndGlobalSection
EndGlobal
